{
  "name": "bedrock-versions",
  "version": "1.0.0",
  "lockfileVersion": 3,
  "requires": true,
  "packages": {
    "": {
      "name": "bedrock-versions",
      "version": "1.0.0",
      "license": "MIT",
      "dependencies": {
        "bedrock-versions": "file:bedrock-versions-1.0.0.tgz"
      }
    },
    "node_modules/bedrock-versions": {
      "version": "1.0.0",
      "resolved": "file:bedrock-versions-1.0.0.tgz",
      "integrity": "sha512-2rWzbrwGBfAwrTve2+aforU6CBitfGHXE5Yv7pUher119NLbTObyvC2EsJimXHuie5DedBS+cxu7AsFHmZeX0Q==",
      "license": "MIT"
    }
  }
}
